lockfileVersion: '9.0'

settings:
  autoInstallPeers: true
  excludeLinksFromLockfile: false

importers:

  .:
    dependencies:
      email-validator:
        specifier: ^2.0.4
        version: 2.0.4

packages:

  email-validator@2.0.4:
    resolution: {integrity: sha512-gYCwo7kh5S3IDyZPLZf6hSS0MnZT8QmJFqYvbqlDZSbwdZlY6QZWxJ4i/6UhITOJ4XzyI647Bm2MXKCLqnJ4nQ==}
    engines: {node: '>4.0'}

snapshots:

  email-validator@2.0.4: {}
